// !$*UTF8*$!
{
	archiveVersion = 1;
	classes = {
	};
	objectVersion = 46;
	objects = {

/* Begin PBXBuildFile section */
		6A53489A1F2EDC70007BC383 /* main.m in Sources */ = {isa = PBXBuildFile; fileRef = 6A5348991F2EDC70007BC383 /* main.m */; };
		6A53489D1F2EDC70007BC383 /* AppDelegate.m in Sources */ = {isa = PBXBuildFile; fileRef = 6A53489C1F2EDC70007BC383 /* AppDelegate.m */; };
		6A5348A51F2EDC70007BC383 /* Assets.xcassets in Resources */ = {isa = PBXBuildFile; fileRef = 6A5348A41F2EDC70007BC383 /* Assets.xcassets */; };
		6A5348A81F2EDC70007BC383 /* LaunchScreen.storyboard in Resources */ = {isa = PBXBuildFile; fileRef = 6A5348A61F2EDC70007BC383 /* LaunchScreen.storyboard */; };
		6A5348B31F2EDC70007BC383 /* ZFTabbarViewControllerTests.m in Sources */ = {isa = PBXBuildFile; fileRef = 6A5348B21F2EDC70007BC383 /* ZFTabbarViewControllerTests.m */; };
		6A5348BE1F2EDC70007BC383 /* ZFTabbarViewControllerUITests.m in Sources */ = {isa = PBXBuildFile; fileRef = 6A5348BD1F2EDC70007BC383 /* ZFTabbarViewControllerUITests.m */; };
		6A5348D01F2EDDC5007BC383 /* ZFTabBar.m in Sources */ = {isa = PBXBuildFile; fileRef = 6A5348CF1F2EDDC5007BC383 /* ZFTabBar.m */; };
		6A5348D31F2EDE43007BC383 /* ZFTabBarController.m in Sources */ = {isa = PBXBuildFile; fileRef = 6A5348D21F2EDE43007BC383 /* ZFTabBarController.m */; };
		6A5348D71F2EFB37007BC383 /* Dog.m in Sources */ = {isa = PBXBuildFile; fileRef = 6A5348D61F2EFB37007BC383 /* Dog.m */; };
		6A5348DB1F2F0A4B007BC383 /* TwoTimesArray.m in Sources */ = {isa = PBXBuildFile; fileRef = 6A5348DA1F2F0A4B007BC383 /* TwoTimesArray.m */; };
		6A5348DF1F2F301B007BC383 /* FirstViewController.m in Sources */ = {isa = PBXBuildFile; fileRef = 6A5348DE1F2F301B007BC383 /* FirstViewController.m */; };
		6A5348E21F2F3032007BC383 /* SecondViewController.m in Sources */ = {isa = PBXBuildFile; fileRef = 6A5348E11F2F3032007BC383 /* SecondViewController.m */; };
		6A5348E51F2F3041007BC383 /* ThirdViewController.m in Sources */ = {isa = PBXBuildFile; fileRef = 6A5348E41F2F3041007BC383 /* ThirdViewController.m */; };
		6A5348E81F2F3051007BC383 /* ForthViewController.m in Sources */ = {isa = PBXBuildFile; fileRef = 6A5348E71F2F3051007BC383 /* ForthViewController.m */; };
		6A5348ED1F2F34FC007BC383 /* ZFBarButton.m in Sources */ = {isa = PBXBuildFile; fileRef = 6A5348EC1F2F34FC007BC383 /* ZFBarButton.m */; };
/* End PBXBuildFile section */

/* Begin PBXContainerItemProxy section */
		6A5348AF1F2EDC70007BC383 /* PBXContainerItemProxy */ = {
			isa = PBXContainerItemProxy;
			containerPortal = 6A53488D1F2EDC70007BC383 /* Project object */;
			proxyType = 1;
			remoteGlobalIDString = 6A5348941F2EDC70007BC383;
			remoteInfo = ZFTabbarViewController;
		};
		6A5348BA1F2EDC70007BC383 /* PBXContainerItemProxy */ = {
			isa = PBXContainerItemProxy;
			containerPortal = 6A53488D1F2EDC70007BC383 /* Project object */;
			proxyType = 1;
			remoteGlobalIDString = 6A5348941F2EDC70007BC383;
			remoteInfo = ZFTabbarViewController;
		};
/* End PBXContainerItemProxy section */

/* Begin PBXFileReference section */
		6A5348951F2EDC70007BC383 /* ZFTabbarViewController.app */ = {isa = PBXFileReference; explicitFileType = wrapper.application; includeInIndex = 0; path = ZFTabbarViewController.app; sourceTree = BUILT_PRODUCTS_DIR; };
		6A5348991F2EDC70007BC383 /* main.m */ = {isa = PBXFileReference; lastKnownFileType = sourcecode.c.objc; path = main.m; sourceTree = "<group>"; };
		6A53489B1F2EDC70007BC383 /* AppDelegate.h */ = {isa = PBXFileReference; lastKnownFileType = sourcecode.c.h; name = AppDelegate.h; path = ZFTabbarViewController/AppDelegate.h; sourceTree = "<group>"; };
		6A53489C1F2EDC70007BC383 /* AppDelegate.m */ = {isa = PBXFileReference; lastKnownFileType = sourcecode.c.objc; name = AppDelegate.m; path = ZFTabbarViewController/AppDelegate.m; sourceTree = "<group>"; };
		6A5348A41F2EDC70007BC383 /* Assets.xcassets */ = {isa = PBXFileReference; lastKnownFileType = folder.assetcatalog; name = Assets.xcassets; path = ZFTabbarViewController/Assets.xcassets; sourceTree = "<group>"; };
		6A5348A71F2EDC70007BC383 /* Base */ = {isa = PBXFileReference; lastKnownFileType = file.storyboard; name = Base; path = Base.lproj/LaunchScreen.storyboard; sourceTree = "<group>"; };
		6A5348A91F2EDC70007BC383 /* Info.plist */ = {isa = PBXFileReference; lastKnownFileType = text.plist.xml; name = Info.plist; path = ZFTabbarViewController/Info.plist; sourceTree = "<group>"; };
		6A5348AE1F2EDC70007BC383 /* ZFTabbarViewControllerTests.xctest */ = {isa = PBXFileReference; explicitFileType = wrapper.cfbundle; includeInIndex = 0; path = ZFTabbarViewControllerTests.xctest; sourceTree = BUILT_PRODUCTS_DIR; };
		6A5348B21F2EDC70007BC383 /* ZFTabbarViewControllerTests.m */ = {isa = PBXFileReference; lastKnownFileType = sourcecode.c.objc; path = ZFTabbarViewControllerTests.m; sourceTree = "<group>"; };
		6A5348B41F2EDC70007BC383 /* Info.plist */ = {isa = PBXFileReference; lastKnownFileType = text.plist.xml; path = Info.plist; sourceTree = "<group>"; };
		6A5348B91F2EDC70007BC383 /* ZFTabbarViewControllerUITests.xctest */ = {isa = PBXFileReference; explicitFileType = wrapper.cfbundle; includeInIndex = 0; path = ZFTabbarViewControllerUITests.xctest; sourceTree = BUILT_PRODUCTS_DIR; };
		6A5348BD1F2EDC70007BC383 /* ZFTabbarViewControllerUITests.m */ = {isa = PBXFileReference; lastKnownFileType = sourcecode.c.objc; path = ZFTabbarViewControllerUITests.m; sourceTree = "<group>"; };
		6A5348BF1F2EDC70007BC383 /* Info.plist */ = {isa = PBXFileReference; lastKnownFileType = text.plist.xml; path = Info.plist; sourceTree = "<group>"; };
		6A5348CE1F2EDDC5007BC383 /* ZFTabBar.h */ = {isa = PBXFileReference; fileEncoding = 4; lastKnownFileType = sourcecode.c.h; path = ZFTabBar.h; sourceTree = "<group>"; };
		6A5348CF1F2EDDC5007BC383 /* ZFTabBar.m */ = {isa = PBXFileReference; fileEncoding = 4; lastKnownFileType = sourcecode.c.objc; path = ZFTabBar.m; sourceTree = "<group>"; };
		6A5348D11F2EDE43007BC383 /* ZFTabBarController.h */ = {isa = PBXFileReference; fileEncoding = 4; lastKnownFileType = sourcecode.c.h; path = ZFTabBarController.h; sourceTree = "<group>"; };
		6A5348D21F2EDE43007BC383 /* ZFTabBarController.m */ = {isa = PBXFileReference; fileEncoding = 4; lastKnownFileType = sourcecode.c.objc; path = ZFTabBarController.m; sourceTree = "<group>"; };
		6A5348D51F2EFB37007BC383 /* Dog.h */ = {isa = PBXFileReference; fileEncoding = 4; lastKnownFileType = sourcecode.c.h; path = Dog.h; sourceTree = "<group>"; };
		6A5348D61F2EFB37007BC383 /* Dog.m */ = {isa = PBXFileReference; fileEncoding = 4; lastKnownFileType = sourcecode.c.objc; path = Dog.m; sourceTree = "<group>"; };
		6A5348D91F2F0A4B007BC383 /* TwoTimesArray.h */ = {isa = PBXFileReference; fileEncoding = 4; lastKnownFileType = sourcecode.c.h; path = TwoTimesArray.h; sourceTree = "<group>"; };
		6A5348DA1F2F0A4B007BC383 /* TwoTimesArray.m */ = {isa = PBXFileReference; fileEncoding = 4; lastKnownFileType = sourcecode.c.objc; path = TwoTimesArray.m; sourceTree = "<group>"; };
		6A5348DD1F2F301B007BC383 /* FirstViewController.h */ = {isa = PBXFileReference; fileEncoding = 4; lastKnownFileType = sourcecode.c.h; path = FirstViewController.h; sourceTree = "<group>"; };
		6A5348DE1F2F301B007BC383 /* FirstViewController.m */ = {isa = PBXFileReference; fileEncoding = 4; lastKnownFileType = sourcecode.c.objc; path = FirstViewController.m; sourceTree = "<group>"; };
		6A5348E01F2F3032007BC383 /* SecondViewController.h */ = {isa = PBXFileReference; fileEncoding = 4; lastKnownFileType = sourcecode.c.h; path = SecondViewController.h; sourceTree = "<group>"; };
		6A5348E11F2F3032007BC383 /* SecondViewController.m */ = {isa = PBXFileReference; fileEncoding = 4; lastKnownFileType = sourcecode.c.objc; path = SecondViewController.m; sourceTree = "<group>"; };
		6A5348E31F2F3041007BC383 /* ThirdViewController.h */ = {isa = PBXFileReference; fileEncoding = 4; lastKnownFileType = sourcecode.c.h; path = ThirdViewController.h; sourceTree = "<group>"; };
		6A5348E41F2F3041007BC383 /* ThirdViewController.m */ = {isa = PBXFileReference; fileEncoding = 4; lastKnownFileType = sourcecode.c.objc; path = ThirdViewController.m; sourceTree = "<group>"; };
		6A5348E61F2F3051007BC383 /* ForthViewController.h */ = {isa = PBXFileReference; fileEncoding = 4; lastKnownFileType = sourcecode.c.h; path = ForthViewController.h; sourceTree = "<group>"; };
		6A5348E71F2F3051007BC383 /* ForthViewController.m */ = {isa = PBXFileReference; fileEncoding = 4; lastKnownFileType = sourcecode.c.objc; path = ForthViewController.m; sourceTree = "<group>"; };
		6A5348EB1F2F34FC007BC383 /* ZFBarButton.h */ = {isa = PBXFileReference; fileEncoding = 4; lastKnownFileType = sourcecode.c.h; path = ZFBarButton.h; sourceTree = "<group>"; };
		6A5348EC1F2F34FC007BC383 /* ZFBarButton.m */ = {isa = PBXFileReference; fileEncoding = 4; lastKnownFileType = sourcecode.c.objc; path = ZFBarButton.m; sourceTree = "<group>"; };
/* End PBXFileReference section */

/* Begin PBXFrameworksBuildPhase section */
		6A5348921F2EDC70007BC383 /* Frameworks */ = {
			isa = PBXFrameworksBuildPhase;
			buildActionMask = 2147483647;
			files = (
			);
			runOnlyForDeploymentPostprocessing = 0;
		};
		6A5348AB1F2EDC70007BC383 /* Frameworks */ = {
			isa = PBXFrameworksBuildPhase;
			buildActionMask = 2147483647;
			files = (
			);
			runOnlyForDeploymentPostprocessing = 0;
		};
		6A5348B61F2EDC70007BC383 /* Frameworks */ = {
			isa = PBXFrameworksBuildPhase;
			buildActionMask = 2147483647;
			files = (
			);
			runOnlyForDeploymentPostprocessing = 0;
		};
/* End PBXFrameworksBuildPhase section */

/* Begin PBXGroup section */
		6A53488C1F2EDC70007BC383 = {
			isa = PBXGroup;
			children = (
				6A5348DC1F2F2FF3007BC383 /* Controllers */,
				6A5348D41F2EFB02007BC383 /* KVC测试 */,
				6A5348981F2EDC70007BC383 /* Supporting Files */,
				6A5348CB1F2EDCC8007BC383 /* Example */,
				6A5348971F2EDC70007BC383 /* ZFTabBarViewController */,
				6A5348B11F2EDC70007BC383 /* ZFTabbarViewControllerTests */,
				6A5348BC1F2EDC70007BC383 /* ZFTabbarViewControllerUITests */,
				6A5348961F2EDC70007BC383 /* Products */,
			);
			sourceTree = "<group>";
		};
		6A5348961F2EDC70007BC383 /* Products */ = {
			isa = PBXGroup;
			children = (
				6A5348951F2EDC70007BC383 /* ZFTabbarViewController.app */,
				6A5348AE1F2EDC70007BC383 /* ZFTabbarViewControllerTests.xctest */,
				6A5348B91F2EDC70007BC383 /* ZFTabbarViewControllerUITests.xctest */,
			);
			name = Products;
			sourceTree = "<group>";
		};
		6A5348971F2EDC70007BC383 /* ZFTabBarViewController */ = {
			isa = PBXGroup;
			children = (
				6A5348EA1F2F34C6007BC383 /* ZFBarButton */,
				6A5348CD1F2EDD4C007BC383 /* ZFTabBarController */,
				6A5348CC1F2EDD10007BC383 /* ZFTabBar */,
			);
			name = ZFTabBarViewController;
			path = ZFTabbarViewController;
			sourceTree = "<group>";
		};
		6A5348981F2EDC70007BC383 /* Supporting Files */ = {
			isa = PBXGroup;
			children = (
				6A5348991F2EDC70007BC383 /* main.m */,
			);
			name = "Supporting Files";
			path = ZFTabbarViewController;
			sourceTree = "<group>";
		};
		6A5348B11F2EDC70007BC383 /* ZFTabbarViewControllerTests */ = {
			isa = PBXGroup;
			children = (
				6A5348B21F2EDC70007BC383 /* ZFTabbarViewControllerTests.m */,
				6A5348B41F2EDC70007BC383 /* Info.plist */,
			);
			path = ZFTabbarViewControllerTests;
			sourceTree = "<group>";
		};
		6A5348BC1F2EDC70007BC383 /* ZFTabbarViewControllerUITests */ = {
			isa = PBXGroup;
			children = (
				6A5348BD1F2EDC70007BC383 /* ZFTabbarViewControllerUITests.m */,
				6A5348BF1F2EDC70007BC383 /* Info.plist */,
			);
			path = ZFTabbarViewControllerUITests;
			sourceTree = "<group>";
		};
		6A5348CB1F2EDCC8007BC383 /* Example */ = {
			isa = PBXGroup;
			children = (
				6A53489B1F2EDC70007BC383 /* AppDelegate.h */,
				6A53489C1F2EDC70007BC383 /* AppDelegate.m */,
				6A5348A41F2EDC70007BC383 /* Assets.xcassets */,
				6A5348A61F2EDC70007BC383 /* LaunchScreen.storyboard */,
				6A5348A91F2EDC70007BC383 /* Info.plist */,
			);
			name = Example;
			sourceTree = "<group>";
		};
		6A5348CC1F2EDD10007BC383 /* ZFTabBar */ = {
			isa = PBXGroup;
			children = (
				6A5348CE1F2EDDC5007BC383 /* ZFTabBar.h */,
				6A5348CF1F2EDDC5007BC383 /* ZFTabBar.m */,
			);
			name = ZFTabBar;
			sourceTree = "<group>";
		};
		6A5348CD1F2EDD4C007BC383 /* ZFTabBarController */ = {
			isa = PBXGroup;
			children = (
				6A5348D11F2EDE43007BC383 /* ZFTabBarController.h */,
				6A5348D21F2EDE43007BC383 /* ZFTabBarController.m */,
			);
			name = ZFTabBarController;
			sourceTree = "<group>";
		};
		6A5348D41F2EFB02007BC383 /* KVC测试 */ = {
			isa = PBXGroup;
			children = (
				6A5348D81F2F0A15007BC383 /* ValueForKey(get方法的获取) */,
				6A5348D51F2EFB37007BC383 /* Dog.h */,
				6A5348D61F2EFB37007BC383 /* Dog.m */,
			);
			name = "KVC测试";
			sourceTree = "<group>";
		};
		6A5348D81F2F0A15007BC383 /* ValueForKey(get方法的获取) */ = {
			isa = PBXGroup;
			children = (
				6A5348D91F2F0A4B007BC383 /* TwoTimesArray.h */,
				6A5348DA1F2F0A4B007BC383 /* TwoTimesArray.m */,
			);
			name = "ValueForKey(get方法的获取)";
			sourceTree = "<group>";
		};
		6A5348DC1F2F2FF3007BC383 /* Controllers */ = {
			isa = PBXGroup;
			children = (
				6A5348DD1F2F301B007BC383 /* FirstViewController.h */,
				6A5348DE1F2F301B007BC383 /* FirstViewController.m */,
				6A5348E01F2F3032007BC383 /* SecondViewController.h */,
				6A5348E11F2F3032007BC383 /* SecondViewController.m */,
				6A5348E31F2F3041007BC383 /* ThirdViewController.h */,
				6A5348E41F2F3041007BC383 /* ThirdViewController.m */,
				6A5348E61F2F3051007BC383 /* ForthViewController.h */,
				6A5348E71F2F3051007BC383 /* ForthViewController.m */,
			);
			name = Controllers;
			sourceTree = "<group>";
		};
		6A5348EA1F2F34C6007BC383 /* ZFBarButton */ = {
			isa = PBXGroup;
			children = (
				6A5348EB1F2F34FC007BC383 /* ZFBarButton.h */,
				6A5348EC1F2F34FC007BC383 /* ZFBarButton.m */,
			);
			name = ZFBarButton;
			sourceTree = "<group>";
		};
/* End PBXGroup section */

/* Begin PBXNativeTarget section */
		6A5348941F2EDC70007BC383 /* ZFTabbarViewController */ = {
			isa = PBXNativeTarget;
			buildConfigurationList = 6A5348C21F2EDC70007BC383 /* Build configuration list for PBXNativeTarget "ZFTabbarViewController" */;
			buildPhases = (
				6A5348911F2EDC70007BC383 /* Sources */,
				6A5348921F2EDC70007BC383 /* Frameworks */,
				6A5348931F2EDC70007BC383 /* Resources */,
			);
			buildRules = (
			);
			dependencies = (
			);
			name = ZFTabbarViewController;
			productName = ZFTabbarViewController;
			productReference = 6A5348951F2EDC70007BC383 /* ZFTabbarViewController.app */;
			productType = "com.apple.product-type.application";
		};
		6A5348AD1F2EDC70007BC383 /* ZFTabbarViewControllerTests */ = {
			isa = PBXNativeTarget;
			buildConfigurationList = 6A5348C51F2EDC70007BC383 /* Build configuration list for PBXNativeTarget "ZFTabbarViewControllerTests" */;
			buildPhases = (
				6A5348AA1F2EDC70007BC383 /* Sources */,
				6A5348AB1F2EDC70007BC383 /* Frameworks */,
				6A5348AC1F2EDC70007BC383 /* Resources */,
			);
			buildRules = (
			);
			dependencies = (
				6A5348B01F2EDC70007BC383 /* PBXTargetDependency */,
			);
			name = ZFTabbarViewControllerTests;
			productName = ZFTabbarViewControllerTests;
			productReference = 6A5348AE1F2EDC70007BC383 /* ZFTabbarViewControllerTests.xctest */;
			productType = "com.apple.product-type.bundle.unit-test";
		};
		6A5348B81F2EDC70007BC383 /* ZFTabbarViewControllerUITests */ = {
			isa = PBXNativeTarget;
			buildConfigurationList = 6A5348C81F2EDC70007BC383 /* Build configuration list for PBXNativeTarget "ZFTabbarViewControllerUITests" */;
			buildPhases = (
				6A5348B51F2EDC70007BC383 /* Sources */,
				6A5348B61F2EDC70007BC383 /* Frameworks */,
				6A5348B71F2EDC70007BC383 /* Resources */,
			);
			buildRules = (
			);
			dependencies = (
				6A5348BB1F2EDC70007BC383 /* PBXTargetDependency */,
			);
			name = ZFTabbarViewControllerUITests;
			productName = ZFTabbarViewControllerUITests;
			productReference = 6A5348B91F2EDC70007BC383 /* ZFTabbarViewControllerUITests.xctest */;
			productType = "com.apple.product-type.bundle.ui-testing";
		};
/* End PBXNativeTarget section */

/* Begin PBXProject section */
		6A53488D1F2EDC70007BC383 /* Project object */ = {
			isa = PBXProject;
			attributes = {
				LastUpgradeCheck = 0820;
				ORGANIZATIONNAME = lisa;
				TargetAttributes = {
					6A5348941F2EDC70007BC383 = {
						CreatedOnToolsVersion = 8.2.1;
						ProvisioningStyle = Automatic;
					};
					6A5348AD1F2EDC70007BC383 = {
						CreatedOnToolsVersion = 8.2.1;
						ProvisioningStyle = Automatic;
						TestTargetID = 6A5348941F2EDC70007BC383;
					};
					6A5348B81F2EDC70007BC383 = {
						CreatedOnToolsVersion = 8.2.1;
						ProvisioningStyle = Automatic;
						TestTargetID = 6A5348941F2EDC70007BC383;
					};
				};
			};
			buildConfigurationList = 6A5348901F2EDC70007BC383 /* Build configuration list for PBXProject "ZFTabbarViewController" */;
			compatibilityVersion = "Xcode 3.2";
			developmentRegion = English;
			hasScannedForEncodings = 0;
			knownRegions = (
				en,
				Base,
			);
			mainGroup = 6A53488C1F2EDC70007BC383;
			productRefGroup = 6A5348961F2EDC70007BC383 /* Products */;
			projectDirPath = "";
			projectRoot = "";
			targets = (
				6A5348941F2EDC70007BC383 /* ZFTabbarViewController */,
				6A5348AD1F2EDC70007BC383 /* ZFTabbarViewControllerTests */,
				6A5348B81F2EDC70007BC383 /* ZFTabbarViewControllerUITests */,
			);
		};
/* End PBXProject section */

/* Begin PBXResourcesBuildPhase section */
		6A5348931F2EDC70007BC383 /* Resources */ = {
			isa = PBXResourcesBuildPhase;
			buildActionMask = 2147483647;
			files = (
				6A5348A81F2EDC70007BC383 /* LaunchScreen.storyboard in Resources */,
				6A5348A51F2EDC70007BC383 /* Assets.xcassets in Resources */,
			);
			runOnlyForDeploymentPostprocessing = 0;
		};
		6A5348AC1F2EDC70007BC383 /* Resources */ = {
			isa = PBXResourcesBuildPhase;
			buildActionMask = 2147483647;
			files = (
			);
			runOnlyForDeploymentPostprocessing = 0;
		};
		6A5348B71F2EDC70007BC383 /* Resources */ = {
			isa = PBXResourcesBuildPhase;
			buildActionMask = 2147483647;
			files = (
			);
			runOnlyForDeploymentPostprocessing = 0;
		};
/* End PBXResourcesBuildPhase section */

/* Begin PBXSourcesBuildPhase section */
		6A5348911F2EDC70007BC383 /* Sources */ = {
			isa = PBXSourcesBuildPhase;
			buildActionMask = 2147483647;
			files = (
				6A5348E21F2F3032007BC383 /* SecondViewController.m in Sources */,
				6A5348D71F2EFB37007BC383 /* Dog.m in Sources */,
				6A5348DB1F2F0A4B007BC383 /* TwoTimesArray.m in Sources */,
				6A5348D01F2EDDC5007BC383 /* ZFTabBar.m in Sources */,
				6A5348ED1F2F34FC007BC383 /* ZFBarButton.m in Sources */,
				6A53489D1F2EDC70007BC383 /* AppDelegate.m in Sources */,
				6A5348E51F2F3041007BC383 /* ThirdViewController.m in Sources */,
				6A53489A1F2EDC70007BC383 /* main.m in Sources */,
				6A5348D31F2EDE43007BC383 /* ZFTabBarController.m in Sources */,
				6A5348DF1F2F301B007BC383 /* FirstViewController.m in Sources */,
				6A5348E81F2F3051007BC383 /* ForthViewController.m in Sources */,
			);
			runOnlyForDeploymentPostprocessing = 0;
		};
		6A5348AA1F2EDC70007BC383 /* Sources */ = {
			isa = PBXSourcesBuildPhase;
			buildActionMask = 2147483647;
			files = (
				6A5348B31F2EDC70007BC383 /* ZFTabbarViewControllerTests.m in Sources */,
			);
			runOnlyForDeploymentPostprocessing = 0;
		};
		6A5348B51F2EDC70007BC383 /* Sources */ = {
			isa = PBXSourcesBuildPhase;
			buildActionMask = 2147483647;
			files = (
				6A5348BE1F2EDC70007BC383 /* ZFTabbarViewControllerUITests.m in Sources */,
			);
			runOnlyForDeploymentPostprocessing = 0;
		};
/* End PBXSourcesBuildPhase section */

/* Begin PBXTargetDependency section */
		6A5348B01F2EDC70007BC383 /* PBXTargetDependency */ = {
			isa = PBXTargetDependency;
			target = 6A5348941F2EDC70007BC383 /* ZFTabbarViewController */;
			targetProxy = 6A5348AF1F2EDC70007BC383 /* PBXContainerItemProxy */;
		};
		6A5348BB1F2EDC70007BC383 /* PBXTargetDependency */ = {
			isa = PBXTargetDependency;
			target = 6A5348941F2EDC70007BC383 /* ZFTabbarViewController */;
			targetProxy = 6A5348BA1F2EDC70007BC383 /* PBXContainerItemProxy */;
		};
/* End PBXTargetDependency section */

/* Begin PBXVariantGroup section */
		6A5348A61F2EDC70007BC383 /* LaunchScreen.storyboard */ = {
			isa = PBXVariantGroup;
			children = (
				6A5348A71F2EDC70007BC383 /* Base */,
			);
			name = LaunchScreen.storyboard;
			path = ZFTabbarViewController;
			sourceTree = "<group>";
		};
/* End PBXVariantGroup section */

/* Begin XCBuildConfiguration section */
		6A5348C01F2EDC70007BC383 /* Debug */ = {
			isa = XCBuildConfiguration;
			buildSettings = {
				ALWAYS_SEARCH_USER_PATHS = NO;
				CLANG_ANALYZER_NONNULL = YES;
				CLANG_CXX_LANGUAGE_STANDARD = "gnu++0x";
				CLANG_CXX_LIBRARY = "libc++";
				CLANG_ENABLE_MODULES = YES;
				CLANG_ENABLE_OBJC_ARC = YES;
				CLANG_WARN_BOOL_CONVERSION = YES;
				CLANG_WARN_CONSTANT_CONVERSION = YES;
				CLANG_WARN_DIRECT_OBJC_ISA_USAGE = YES_ERROR;
				CLANG_WARN_DOCUMENTATION_COMMENTS = YES;
				CLANG_WARN_EMPTY_BODY = YES;
				CLANG_WARN_ENUM_CONVERSION = YES;
				CLANG_WARN_INFINITE_RECURSION = YES;
				CLANG_WARN_INT_CONVERSION = YES;
				CLANG_WARN_OBJC_ROOT_CLASS = YES_ERROR;
				CLANG_WARN_SUSPICIOUS_MOVE = YES;
				CLANG_WARN_UNREACHABLE_CODE = YES;
				CLANG_WARN__DUPLICATE_METHOD_MATCH = YES;
				"CODE_SIGN_IDENTITY[sdk=iphoneos*]" = "iPhone Developer";
				COPY_PHASE_STRIP = NO;
				DEBUG_INFORMATION_FORMAT = dwarf;
				ENABLE_STRICT_OBJC_MSGSEND = YES;
				ENABLE_TESTABILITY = YES;
				GCC_C_LANGUAGE_STANDARD = gnu99;
				GCC_DYNAMIC_NO_PIC = NO;
				GCC_NO_COMMON_BLOCKS = YES;
				GCC_OPTIMIZATION_LEVEL = 0;
				GCC_PREPROCESSOR_DEFINITIONS = (
					"DEBUG=1",
					"$(inherited)",
				);
				GCC_WARN_64_TO_32_BIT_CONVERSION = YES;
				GCC_WARN_ABOUT_RETURN_TYPE = YES_ERROR;
				GCC_WARN_UNDECLARED_SELECTOR = YES;
				GCC_WARN_UNINITIALIZED_AUTOS = YES_AGGRESSIVE;
				GCC_WARN_UNUSED_FUNCTION = YES;
				GCC_WARN_UNUSED_VARIABLE = YES;
				IPHONEOS_DEPLOYMENT_TARGET = 10.2;
				MTL_ENABLE_DEBUG_INFO = YES;
				ONLY_ACTIVE_ARCH = YES;
				SDKROOT = iphoneos;
				TARGETED_DEVICE_FAMILY = "1,2";
			};
			name = Debug;
		};
		6A5348C11F2EDC70007BC383 /* Release */ = {
			isa = XCBuildConfiguration;
			buildSettings = {
				ALWAYS_SEARCH_USER_PATHS = NO;
				CLANG_ANALYZER_NONNULL = YES;
				CLANG_CXX_LANGUAGE_STANDARD = "gnu++0x";
				CLANG_CXX_LIBRARY = "libc++";
				CLANG_ENABLE_MODULES = YES;
				CLANG_ENABLE_OBJC_ARC = YES;
				CLANG_WARN_BOOL_CONVERSION = YES;
				CLANG_WARN_CONSTANT_CONVERSION = YES;
				CLANG_WARN_DIRECT_OBJC_ISA_USAGE = YES_ERROR;
				CLANG_WARN_DOCUMENTATION_COMMENTS = YES;
				CLANG_WARN_EMPTY_BODY = YES;
				CLANG_WARN_ENUM_CONVERSION = YES;
				CLANG_WARN_INFINITE_RECURSION = YES;
				CLANG_WARN_INT_CONVERSION = YES;
				CLANG_WARN_OBJC_ROOT_CLASS = YES_ERROR;
				CLANG_WARN_SUSPICIOUS_MOVE = YES;
				CLANG_WARN_UNREACHABLE_CODE = YES;
				CLANG_WARN__DUPLICATE_METHOD_MATCH = YES;
				"CODE_SIGN_IDENTITY[sdk=iphoneos*]" = "iPhone Developer";
				COPY_PHASE_STRIP = NO;
				DEBUG_INFORMATION_FORMAT = "dwarf-with-dsym";
				ENABLE_NS_ASSERTIONS = NO;
				ENABLE_STRICT_OBJC_MSGSEND = YES;
				GCC_C_LANGUAGE_STANDARD = gnu99;
				GCC_NO_COMMON_BLOCKS = YES;
				GCC_WARN_64_TO_32_BIT_CONVERSION = YES;
				GCC_WARN_ABOUT_RETURN_TYPE = YES_ERROR;
				GCC_WARN_UNDECLARED_SELECTOR = YES;
				GCC_WARN_UNINITIALIZED_AUTOS = YES_AGGRESSIVE;
				GCC_WARN_UNUSED_FUNCTION = YES;
				GCC_WARN_UNUSED_VARIABLE = YES;
				IPHONEOS_DEPLOYMENT_TARGET = 10.2;
				MTL_ENABLE_DEBUG_INFO = NO;
				SDKROOT = iphoneos;
				TARGETED_DEVICE_FAMILY = "1,2";
				VALIDATE_PRODUCT = YES;
			};
			name = Release;
		};
		6A5348C31F2EDC70007BC383 /* Debug */ = {
			isa = XCBuildConfiguration;
			buildSettings = {
				ASSETCATALOG_COMPILER_APPICON_NAME = AppIcon;
				INFOPLIST_FILE = ZFTabbarViewController/Info.plist;
				LD_RUNPATH_SEARCH_PATHS = "$(inherited) @executable_path/Frameworks";
				PRODUCT_BUNDLE_IDENTIFIER = favalue.com.ZFTabbarViewController;
				PRODUCT_NAME = "$(TARGET_NAME)";
			};
			name = Debug;
		};
		6A5348C41F2EDC70007BC383 /* Release */ = {
			isa = XCBuildConfiguration;
			buildSettings = {
				ASSETCATALOG_COMPILER_APPICON_NAME = AppIcon;
				INFOPLIST_FILE = ZFTabbarViewController/Info.plist;
				LD_RUNPATH_SEARCH_PATHS = "$(inherited) @executable_path/Frameworks";
				PRODUCT_BUNDLE_IDENTIFIER = favalue.com.ZFTabbarViewController;
				PRODUCT_NAME = "$(TARGET_NAME)";
			};
			name = Release;
		};
		6A5348C61F2EDC70007BC383 /* Debug */ = {
			isa = XCBuildConfiguration;
			buildSettings = {
				BUNDLE_LOADER = "$(TEST_HOST)";
				INFOPLIST_FILE = ZFTabbarViewControllerTests/Info.plist;
				LD_RUNPATH_SEARCH_PATHS = "$(inherited) @executable_path/Frameworks @loader_path/Frameworks";
				PRODUCT_BUNDLE_IDENTIFIER = favalue.com.ZFTabbarViewControllerTests;
				PRODUCT_NAME = "$(TARGET_NAME)";
				TEST_HOST = "$(BUILT_PRODUCTS_DIR)/ZFTabbarViewController.app/ZFTabbarViewController";
			};
			name = Debug;
		};
		6A5348C71F2EDC70007BC383 /* Release */ = {
			isa = XCBuildConfiguration;
			buildSettings = {
				BUNDLE_LOADER = "$(TEST_HOST)";
				INFOPLIST_FILE = ZFTabbarViewControllerTests/Info.plist;
				LD_RUNPATH_SEARCH_PATHS = "$(inherited) @executable_path/Frameworks @loader_path/Frameworks";
				PRODUCT_BUNDLE_IDENTIFIER = favalue.com.ZFTabbarViewControllerTests;
				PRODUCT_NAME = "$(TARGET_NAME)";
				TEST_HOST = "$(BUILT_PRODUCTS_DIR)/ZFTabbarViewController.app/ZFTabbarViewController";
			};
			name = Release;
		};
		6A5348C91F2EDC70007BC383 /* Debug */ = {
			isa = XCBuildConfiguration;
			buildSettings = {
				INFOPLIST_FILE = ZFTabbarViewControllerUITests/Info.plist;
				LD_RUNPATH_SEARCH_PATHS = "$(inherited) @executable_path/Frameworks @loader_path/Frameworks";
				PRODUCT_BUNDLE_IDENTIFIER = favalue.com.ZFTabbarViewControllerUITests;
				PRODUCT_NAME = "$(TARGET_NAME)";
				TEST_TARGET_NAME = ZFTabbarViewController;
			};
			name = Debug;
		};
		6A5348CA1F2EDC70007BC383 /* Release */ = {
			isa = XCBuildConfiguration;
			buildSettings = {
				INFOPLIST_FILE = ZFTabbarViewControllerUITests/Info.plist;
				LD_RUNPATH_SEARCH_PATHS = "$(inherited) @executable_path/Frameworks @loader_path/Frameworks";
				PRODUCT_BUNDLE_IDENTIFIER = favalue.com.ZFTabbarViewControllerUITests;
				PRODUCT_NAME = "$(TARGET_NAME)";
				TEST_TARGET_NAME = ZFTabbarViewController;
			};
			name = Release;
		};
/* End XCBuildConfiguration section */

/* Begin XCConfigurationList section */
		6A5348901F2EDC70007BC383 /* Build configuration list for PBXProject "ZFTabbarViewController" */ = {
			isa = XCConfigurationList;
			buildConfigurations = (
				6A5348C01F2EDC70007BC383 /* Debug */,
				6A5348C11F2EDC70007BC383 /* Release */,
			);
			defaultConfigurationIsVisible = 0;
			defaultConfigurationName = Release;
		};
		6A5348C21F2EDC70007BC383 /* Build configuration list for PBXNativeTarget "ZFTabbarViewController" */ = {
			isa = XCConfigurationList;
			buildConfigurations = (
				6A5348C31F2EDC70007BC383 /* Debug */,
				6A5348C41F2EDC70007BC383 /* Release */,
			);
			defaultConfigurationIsVisible = 0;
			defaultConfigurationName = Release;
		};
		6A5348C51F2EDC70007BC383 /* Build configuration list for PBXNativeTarget "ZFTabbarViewControllerTests" */ = {
			isa = XCConfigurationList;
			buildConfigurations = (
				6A5348C61F2EDC70007BC383 /* Debug */,
				6A5348C71F2EDC70007BC383 /* Release */,
			);
			defaultConfigurationIsVisible = 0;
			defaultConfigurationName = Release;
		};
		6A5348C81F2EDC70007BC383 /* Build configuration list for PBXNativeTarget "ZFTabbarViewControllerUITests" */ = {
			isa = XCConfigurationList;
			buildConfigurations = (
				6A5348C91F2EDC70007BC383 /* Debug */,
				6A5348CA1F2EDC70007BC383 /* Release */,
			);
			defaultConfigurationIsVisible = 0;
			defaultConfigurationName = Release;
		};
/* End XCConfigurationList section */
	};
	rootObject = 6A53488D1F2EDC70007BC383 /* Project object */;
}
